
Microsoft Visual Studio Solution File, Format Version 12.00
# Visual Studio Version 16
VisualStudioVersion = 16.0.29001.49
MinimumVisualStudioVersion = 10.0.40219.1
Project("{FAE04EC0-301F-11D3-BF4B-00C04F79EFBC}") = "Northwind", "Northwind\Northwind.csproj", "{CDCF971F-63E0-487E-AE9F-046AC0869BB0}"
EndProject
Global
	GlobalSection(SolutionConfigurationPlatforms) = preSolution
		Debug|Any CPU = Debug|Any CPU
		Release|Any CPU = Release|Any CPU
	EndGlobalSection
	GlobalSection(ProjectConfigurationPlatforms) = postSolution
		{CDCF971F-63E0-487E-AE9F-046AC0869BB0}.Debug|Any CPU.ActiveCfg = Debug|Any CPU
		{CDCF971F-63E0-487E-AE9F-046AC0869BB0}.Debug|Any CPU.Build.0 = Debug|Any CPU
		{CDCF971F-63E0-487E-AE9F-046AC0869BB0}.Release|Any CPU.ActiveCfg = Release|Any CPU
		{CDCF971F-63E0-487E-AE9F-046AC0869BB0}.Release|Any CPU.Build.0 = Release|Any CPU
	EndGlobalSection
	GlobalSection(SolutionProperties) = preSolution
		HideSolutionNode = FALSE
	EndGlobalSection
	GlobalSection(ExtensibilityGlobals) = postSolution
		SolutionGuid = {5CAE51CA-CC6A-441E-8586-80210783F0E1}
	EndGlobalSection
EndGlobal
